// !$*UTF8*$!
{
	archiveVersion = 1;
	classes = {
	};
	objectVersion = 46;
	objects = {

/* Begin PBXAggregateTarget section */
		6F4AA2B9EE904F3CBA52290B /* ALL_BUILD */ = {
			isa = PBXAggregateTarget;
			buildConfigurationList = BB2486B0BB8043C285159D20 /* Build configuration list for PBXAggregateTarget "ALL_BUILD" */;
			buildPhases = (
				D99976EDF4D14D73B069FFC6 /* CMake Rules */,
			);
			dependencies = (
				0F81D16E6D03419EB565107F /* PBXTargetDependency */,
				BB1321E4C90B48B6B593E790 /* PBXTargetDependency */,
				CAC44CD2F8074246BB1BC8A9 /* PBXTargetDependency */,
			);
			name = ALL_BUILD;
			productName = ALL_BUILD;
		};
		9C0FFE80A8C24457A9E96823 /* ZERO_CHECK */ = {
			isa = PBXAggregateTarget;
			buildConfigurationList = AC02A0E6ED244E95B9AECA06 /* Build configuration list for PBXAggregateTarget "ZERO_CHECK" */;
			buildPhases = (
				4B75D054A58F451D94B0FF0D /* CMake Rules */,
			);
			dependencies = (
			);
			name = ZERO_CHECK;
			productName = ZERO_CHECK;
		};
/* End PBXAggregateTarget section */

/* Begin PBXBuildFile section */
		02FB67A2FF1A460C8D1B8B39 /* /Users/dongdong/desktop/test_cmake/geometry/src/CMakeLists.txt */ = {isa = PBXBuildFile; fileRef = 5DD01278B6BD4A8A858F5F26 /* /Users/dongdong/desktop/test_cmake/geometry/src/CMakeLists.txt */; };
		07BFC6F5E5A4424E85A69132 /* /Users/dongdong/desktop/test_cmake/src/CMakeLists.txt */ = {isa = PBXBuildFile; fileRef = DBD97CE5231946288DB884C3 /* /Users/dongdong/desktop/test_cmake/src/CMakeLists.txt */; };
		080BDB5090D04F059579D9B1 /* /Users/dongdong/desktop/test_cmake/geometry/include/rectangle.h */ = {isa = PBXBuildFile; fileRef = 1A665A21BE6B4B44837939F7 /* /Users/dongdong/desktop/test_cmake/geometry/include/rectangle.h */; };
		1760E5727A4F4A128155A8F5 /* /Users/dongdong/desktop/test_cmake/geometry/src/shape.cpp */ = {isa = PBXBuildFile; fileRef = 2FCA3D30D2784EC7819C9236 /* /Users/dongdong/desktop/test_cmake/geometry/src/shape.cpp */; };
		6A17EEAACC41485D8A1F382E /* /Users/dongdong/desktop/test_cmake/geometry/include/shape.h */ = {isa = PBXBuildFile; fileRef = D8CD7908D9434BCBA3629579 /* /Users/dongdong/desktop/test_cmake/geometry/include/shape.h */; };
		913F2C0898194D1FB50CE9A7 /* /Users/dongdong/desktop/test_cmake/src/main.cpp */ = {isa = PBXBuildFile; fileRef = 227F10471A8149BA89540000 /* /Users/dongdong/desktop/test_cmake/src/main.cpp */; };
		991386AF957043C6998BC232 /* /Users/dongdong/desktop/test_cmake/geometry/src/triangle.cpp */ = {isa = PBXBuildFile; fileRef = C30F41AD47024F21A76CB851 /* /Users/dongdong/desktop/test_cmake/geometry/src/triangle.cpp */; };
		CB5E7F6F29CB4287BEEDF46B /* /Users/dongdong/desktop/test_cmake/geometry/src/rectangle.cpp */ = {isa = PBXBuildFile; fileRef = FB9350A58C4641F893A3272E /* /Users/dongdong/desktop/test_cmake/geometry/src/rectangle.cpp */; };
		D3BB72965DCA49BF833207F1 /* /Users/dongdong/desktop/test_cmake/geometry/include/triangle.h */ = {isa = PBXBuildFile; fileRef = A5695E64915F495B966DF41F /* /Users/dongdong/desktop/test_cmake/geometry/include/triangle.h */; };
/* End PBXBuildFile section */

/* Begin PBXBuildStyle section */
		1EA03E5080B54F8BB54C2375 /* Release */ = {
			isa = PBXBuildStyle;
			buildSettings = {
				COPY_PHASE_STRIP = NO;
			};
			name = Release;
		};
		70616B109A164789AF2B1112 /* MinSizeRel */ = {
			isa = PBXBuildStyle;
			buildSettings = {
				COPY_PHASE_STRIP = NO;
			};
			name = MinSizeRel;
		};
		BF27D044E79D44CC91659D7A /* RelWithDebInfo */ = {
			isa = PBXBuildStyle;
			buildSettings = {
				COPY_PHASE_STRIP = NO;
			};
			name = RelWithDebInfo;
		};
		C42F563528874D62AAE7FA04 /* Debug */ = {
			isa = PBXBuildStyle;
			buildSettings = {
				COPY_PHASE_STRIP = NO;
			};
			name = Debug;
		};
/* End PBXBuildStyle section */

/* Begin PBXContainerItemProxy section */
		145778BE3BC1470BB779F045 /* PBXContainerItemProxy */ = {
			isa = PBXContainerItemProxy;
			containerPortal = B5650E97E4474383BE04A715 /* Project object */;
			proxyType = 1;
			remoteGlobalIDString = 9C0FFE80A8C24457A9E96823;
			remoteInfo = ZERO_CHECK;
		};
		419CFEC654CA409DBC0A0AA0 /* PBXContainerItemProxy */ = {
			isa = PBXContainerItemProxy;
			containerPortal = B5650E97E4474383BE04A715 /* Project object */;
			proxyType = 1;
			remoteGlobalIDString = 0E88C5A2576F4AC18675E68F;
			remoteInfo = geometry;
		};
		588596CF898A43448AF304CA /* PBXContainerItemProxy */ = {
			isa = PBXContainerItemProxy;
			containerPortal = B5650E97E4474383BE04A715 /* Project object */;
			proxyType = 1;
			remoteGlobalIDString = 9C0FFE80A8C24457A9E96823;
			remoteInfo = ZERO_CHECK;
		};
		602C270335AC4CD7ADEB3A26 /* PBXContainerItemProxy */ = {
			isa = PBXContainerItemProxy;
			containerPortal = B5650E97E4474383BE04A715 /* Project object */;
			proxyType = 1;
			remoteGlobalIDString = 8CE023DCDB934C80940DF940;
			remoteInfo = tester;
		};
		AAFE95C3C60B4EB0BF768DD6 /* PBXContainerItemProxy */ = {
			isa = PBXContainerItemProxy;
			containerPortal = B5650E97E4474383BE04A715 /* Project object */;
			proxyType = 1;
			remoteGlobalIDString = 0E88C5A2576F4AC18675E68F;
			remoteInfo = geometry;
		};
		C69970913D284434A2C7768C /* PBXContainerItemProxy */ = {
			isa = PBXContainerItemProxy;
			containerPortal = B5650E97E4474383BE04A715 /* Project object */;
			proxyType = 1;
			remoteGlobalIDString = 9C0FFE80A8C24457A9E96823;
			remoteInfo = ZERO_CHECK;
		};
/* End PBXContainerItemProxy section */

/* Begin PBXFileReference section */
		1A665A21BE6B4B44837939F7 /* /Users/dongdong/desktop/test_cmake/geometry/include/rectangle.h */ = {isa = PBXFileReference; explicitFileType = sourcecode.c.h; fileEncoding = 4; name = rectangle.h; path = geometry/include/rectangle.h; sourceTree = SOURCE_ROOT; };
		227F10471A8149BA89540000 /* /Users/dongdong/desktop/test_cmake/src/main.cpp */ = {isa = PBXFileReference; explicitFileType = sourcecode.cpp.cpp; fileEncoding = 4; name = main.cpp; path = src/main.cpp; sourceTree = SOURCE_ROOT; };
		2B566DEA786943EFA6E2829C /* geometry */ = {isa = PBXFileReference; explicitFileType = archive.ar; path = libgeometry.a; sourceTree = BUILT_PRODUCTS_DIR; };
		2FCA3D30D2784EC7819C9236 /* /Users/dongdong/desktop/test_cmake/geometry/src/shape.cpp */ = {isa = PBXFileReference; explicitFileType = sourcecode.cpp.cpp; fileEncoding = 4; name = shape.cpp; path = geometry/src/shape.cpp; sourceTree = SOURCE_ROOT; };
		5DD01278B6BD4A8A858F5F26 /* /Users/dongdong/desktop/test_cmake/geometry/src/CMakeLists.txt */ = {isa = PBXFileReference; explicitFileType = sourcecode.text; fileEncoding = 4; name = CMakeLists.txt; path = geometry/src/CMakeLists.txt; sourceTree = SOURCE_ROOT; };
		92C3131D701140EDA7734C30 /* /Users/dongdong/desktop/test_cmake/CMakeLists.txt */ = {isa = PBXFileReference; explicitFileType = sourcecode.text; fileEncoding = 4; name = CMakeLists.txt; path = CMakeLists.txt; sourceTree = SOURCE_ROOT; };
		A5695E64915F495B966DF41F /* /Users/dongdong/desktop/test_cmake/geometry/include/triangle.h */ = {isa = PBXFileReference; explicitFileType = sourcecode.c.h; fileEncoding = 4; name = triangle.h; path = geometry/include/triangle.h; sourceTree = SOURCE_ROOT; };
		C30F41AD47024F21A76CB851 /* /Users/dongdong/desktop/test_cmake/geometry/src/triangle.cpp */ = {isa = PBXFileReference; explicitFileType = sourcecode.cpp.cpp; fileEncoding = 4; name = triangle.cpp; path = geometry/src/triangle.cpp; sourceTree = SOURCE_ROOT; };
		C7A0B858F4EC405BB20656EB /* tester */ = {isa = PBXFileReference; explicitFileType = "compiled.mach-o.executable"; path = tester; sourceTree = BUILT_PRODUCTS_DIR; };
		D8CD7908D9434BCBA3629579 /* /Users/dongdong/desktop/test_cmake/geometry/include/shape.h */ = {isa = PBXFileReference; explicitFileType = sourcecode.c.h; fileEncoding = 4; name = shape.h; path = geometry/include/shape.h; sourceTree = SOURCE_ROOT; };
		DBD97CE5231946288DB884C3 /* /Users/dongdong/desktop/test_cmake/src/CMakeLists.txt */ = {isa = PBXFileReference; explicitFileType = sourcecode.text; fileEncoding = 4; name = CMakeLists.txt; path = src/CMakeLists.txt; sourceTree = SOURCE_ROOT; };
		FB9350A58C4641F893A3272E /* /Users/dongdong/desktop/test_cmake/geometry/src/rectangle.cpp */ = {isa = PBXFileReference; explicitFileType = sourcecode.cpp.cpp; fileEncoding = 4; name = rectangle.cpp; path = geometry/src/rectangle.cpp; sourceTree = SOURCE_ROOT; };
/* End PBXFileReference section */

/* Begin PBXGroup section */
		01059BBDE0784D108ABD3942 /* Header Files */ = {
			isa = PBXGroup;
			children = (
				1A665A21BE6B4B44837939F7 /* /Users/dongdong/desktop/test_cmake/geometry/include/rectangle.h */,
				D8CD7908D9434BCBA3629579 /* /Users/dongdong/desktop/test_cmake/geometry/include/shape.h */,
				A5695E64915F495B966DF41F /* /Users/dongdong/desktop/test_cmake/geometry/include/triangle.h */,
			);
			name = "Header Files";
			sourceTree = "<group>";
		};
		28FB0CB80F534EFC90A78354 /* geometry */ = {
			isa = PBXGroup;
			children = (
				3560CB35F9C5423CA4134B4D /* Source Files */,
				01059BBDE0784D108ABD3942 /* Header Files */,
				5DD01278B6BD4A8A858F5F26 /* /Users/dongdong/desktop/test_cmake/geometry/src/CMakeLists.txt */,
			);
			name = geometry;
			sourceTree = "<group>";
		};
		2927E03B79424E6498049F5C /* Products */ = {
			isa = PBXGroup;
			children = (
				2B566DEA786943EFA6E2829C /* geometry */,
				C7A0B858F4EC405BB20656EB /* tester */,
			);
			name = Products;
			sourceTree = "<group>";
		};
		3560CB35F9C5423CA4134B4D /* Source Files */ = {
			isa = PBXGroup;
			children = (
				FB9350A58C4641F893A3272E /* /Users/dongdong/desktop/test_cmake/geometry/src/rectangle.cpp */,
				2FCA3D30D2784EC7819C9236 /* /Users/dongdong/desktop/test_cmake/geometry/src/shape.cpp */,
				C30F41AD47024F21A76CB851 /* /Users/dongdong/desktop/test_cmake/geometry/src/triangle.cpp */,
			);
			name = "Source Files";
			sourceTree = "<group>";
		};
		4590DD30CFFE454D8DE756F8 /* tester */ = {
			isa = PBXGroup;
			children = (
				92E435A8D53D43428C4F796E /* Source Files */,
				DBD97CE5231946288DB884C3 /* /Users/dongdong/desktop/test_cmake/src/CMakeLists.txt */,
			);
			name = tester;
			sourceTree = "<group>";
		};
		618F65E867704131A9D242A9 = {
			isa = PBXGroup;
			children = (
				EB72C3C47446442FA925493D /* ALL_BUILD */,
				28FB0CB80F534EFC90A78354 /* geometry */,
				4590DD30CFFE454D8DE756F8 /* tester */,
				2927E03B79424E6498049F5C /* Products */,
			);
			sourceTree = "<group>";
		};
		7D5754B2B79E42079A650ADC /* CMake Rules */ = {
			isa = PBXGroup;
			children = (
			);
			name = "CMake Rules";
			sourceTree = "<group>";
		};
		92E435A8D53D43428C4F796E /* Source Files */ = {
			isa = PBXGroup;
			children = (
				227F10471A8149BA89540000 /* /Users/dongdong/desktop/test_cmake/src/main.cpp */,
			);
			name = "Source Files";
			sourceTree = "<group>";
		};
		EB72C3C47446442FA925493D /* ALL_BUILD */ = {
			isa = PBXGroup;
			children = (
				7D5754B2B79E42079A650ADC /* CMake Rules */,
				92C3131D701140EDA7734C30 /* /Users/dongdong/desktop/test_cmake/CMakeLists.txt */,
			);
			name = ALL_BUILD;
			sourceTree = "<group>";
		};
/* End PBXGroup section */

/* Begin PBXNativeTarget section */
		0E88C5A2576F4AC18675E68F /* geometry */ = {
			isa = PBXNativeTarget;
			buildConfigurationList = A3BA94B558D04E65BD637491 /* Build configuration list for PBXNativeTarget "geometry" */;
			buildPhases = (
				F0E22765321B4CD7967B7AE1 /* Sources */,
			);
			buildRules = (
			);
			dependencies = (
				15E9A33A6C754697BBFF7660 /* PBXTargetDependency */,
			);
			name = geometry;
			productName = geometry;
			productReference = 2B566DEA786943EFA6E2829C /* geometry */;
			productType = "com.apple.product-type.library.static";
		};
		8CE023DCDB934C80940DF940 /* tester */ = {
			isa = PBXNativeTarget;
			buildConfigurationList = 0BD23CCB85F949B78E54FDF6 /* Build configuration list for PBXNativeTarget "tester" */;
			buildPhases = (
				7628E203914A49E889DABBEE /* Sources */,
			);
			buildRules = (
			);
			dependencies = (
				B3A2468CA47947169742FBC4 /* PBXTargetDependency */,
				98036115438C476189D1083E /* PBXTargetDependency */,
			);
			name = tester;
			productName = tester;
			productReference = C7A0B858F4EC405BB20656EB /* tester */;
			productType = "com.apple.product-type.tool";
		};
/* End PBXNativeTarget section */

/* Begin PBXProject section */
		B5650E97E4474383BE04A715 /* Project object */ = {
			isa = PBXProject;
			attributes = {
				BuildIndependentTargetsInParallel = YES;
				LastUpgradeCheck = 1010;
			};
			buildConfigurationList = 478217FB3D924C69BD8D7546 /* Build configuration list for PBXProject "humanoidTester" */;
			buildSettings = {
			};
			buildStyles = (
				C42F563528874D62AAE7FA04 /* Debug */,
				1EA03E5080B54F8BB54C2375 /* Release */,
				70616B109A164789AF2B1112 /* MinSizeRel */,
				BF27D044E79D44CC91659D7A /* RelWithDebInfo */,
			);
			compatibilityVersion = "Xcode 3.2";
			hasScannedForEncodings = 0;
			mainGroup = 618F65E867704131A9D242A9;
			projectDirPath = ../;
			projectRoot = "";
			targets = (
				6F4AA2B9EE904F3CBA52290B /* ALL_BUILD */,
				9C0FFE80A8C24457A9E96823 /* ZERO_CHECK */,
				0E88C5A2576F4AC18675E68F /* geometry */,
				8CE023DCDB934C80940DF940 /* tester */,
			);
		};
/* End PBXProject section */

/* Begin PBXShellScriptBuildPhase section */
		3991A5C19AAB435F9611FDB4 = {
			isa = PBXShellScriptBuildPhase;
			buildActionMask = 2147483647;
			files = (
			);
			inputPaths = (
			);
			outputPaths = (
			);
			runOnlyForDeploymentPostprocessing = 0;
			shellPath = /bin/sh;
			shellScript = "# shell script goes here
exit 0";
			showEnvVarsInLog = 0;
		};
		438089BE68AC434A8F43BCC7 = {
			isa = PBXShellScriptBuildPhase;
			buildActionMask = 2147483647;
			files = (
			);
			inputPaths = (
			);
			outputPaths = (
			);
			runOnlyForDeploymentPostprocessing = 0;
			shellPath = /bin/sh;
			shellScript = "# shell script goes here
exit 0";
			showEnvVarsInLog = 0;
		};
		4B75D054A58F451D94B0FF0D /* CMake Rules */ = {
			isa = PBXShellScriptBuildPhase;
			buildActionMask = 2147483647;
			files = (
			);
			name = "CMake Rules";
			runOnlyForDeploymentPostprocessing = 0;
			shellPath = /bin/sh;
			shellScript = "make -C /Users/dongdong/desktop/test_cmake/build-xcode -f /Users/dongdong/desktop/test_cmake/build-xcode/CMakeScripts/ZERO_CHECK_cmakeRulesBuildPhase.make$CONFIGURATION all";
			showEnvVarsInLog = 0;
		};
		D99976EDF4D14D73B069FFC6 /* CMake Rules */ = {
			isa = PBXShellScriptBuildPhase;
			buildActionMask = 2147483647;
			files = (
			);
			name = "CMake Rules";
			runOnlyForDeploymentPostprocessing = 0;
			shellPath = /bin/sh;
			shellScript = "make -C /Users/dongdong/desktop/test_cmake/build-xcode -f /Users/dongdong/desktop/test_cmake/build-xcode/CMakeScripts/ALL_BUILD_cmakeRulesBuildPhase.make$CONFIGURATION all";
			showEnvVarsInLog = 0;
		};
/* End PBXShellScriptBuildPhase section */

/* Begin PBXSourcesBuildPhase section */
		7628E203914A49E889DABBEE /* Sources */ = {
			isa = PBXSourcesBuildPhase;
			buildActionMask = 2147483647;
			files = (
				913F2C0898194D1FB50CE9A7 /* /Users/dongdong/desktop/test_cmake/src/main.cpp */,
			);
			runOnlyForDeploymentPostprocessing = 0;
		};
		F0E22765321B4CD7967B7AE1 /* Sources */ = {
			isa = PBXSourcesBuildPhase;
			buildActionMask = 2147483647;
			files = (
				CB5E7F6F29CB4287BEEDF46B /* /Users/dongdong/desktop/test_cmake/geometry/src/rectangle.cpp */,
				1760E5727A4F4A128155A8F5 /* /Users/dongdong/desktop/test_cmake/geometry/src/shape.cpp */,
				991386AF957043C6998BC232 /* /Users/dongdong/desktop/test_cmake/geometry/src/triangle.cpp */,
			);
			runOnlyForDeploymentPostprocessing = 0;
		};
/* End PBXSourcesBuildPhase section */

/* Begin PBXTargetDependency section */
		0F81D16E6D03419EB565107F /* PBXTargetDependency */ = {
			isa = PBXTargetDependency;
			target = 0E88C5A2576F4AC18675E68F /* geometry */;
			targetProxy = AAFE95C3C60B4EB0BF768DD6 /* PBXContainerItemProxy */;
		};
		15E9A33A6C754697BBFF7660 /* PBXTargetDependency */ = {
			isa = PBXTargetDependency;
			target = 9C0FFE80A8C24457A9E96823 /* ZERO_CHECK */;
			targetProxy = C69970913D284434A2C7768C /* PBXContainerItemProxy */;
		};
		98036115438C476189D1083E /* PBXTargetDependency */ = {
			isa = PBXTargetDependency;
			target = 9C0FFE80A8C24457A9E96823 /* ZERO_CHECK */;
			targetProxy = 145778BE3BC1470BB779F045 /* PBXContainerItemProxy */;
		};
		B3A2468CA47947169742FBC4 /* PBXTargetDependency */ = {
			isa = PBXTargetDependency;
			target = 0E88C5A2576F4AC18675E68F /* geometry */;
			targetProxy = 419CFEC654CA409DBC0A0AA0 /* PBXContainerItemProxy */;
		};
		BB1321E4C90B48B6B593E790 /* PBXTargetDependency */ = {
			isa = PBXTargetDependency;
			target = 8CE023DCDB934C80940DF940 /* tester */;
			targetProxy = 602C270335AC4CD7ADEB3A26 /* PBXContainerItemProxy */;
		};
		CAC44CD2F8074246BB1BC8A9 /* PBXTargetDependency */ = {
			isa = PBXTargetDependency;
			target = 9C0FFE80A8C24457A9E96823 /* ZERO_CHECK */;
			targetProxy = 588596CF898A43448AF304CA /* PBXContainerItemProxy */;
		};
/* End PBXTargetDependency section */

/* Begin XCBuildConfiguration section */
		058BE6AC82A247E180950277 /* Debug */ = {
			isa = XCBuildConfiguration;
			buildSettings = {
				COMBINE_HIDPI_IMAGES = YES;
				GCC_GENERATE_DEBUGGING_SYMBOLS = YES;
				GCC_INLINES_ARE_PRIVATE_EXTERN = NO;
				GCC_OPTIMIZATION_LEVEL = 0;
				GCC_PREPROCESSOR_DEFINITIONS = ("'CMAKE_INTDIR=\"$(CONFIGURATION)$(EFFECTIVE_PLATFORM_NAME)\"'");
				GCC_SYMBOLS_PRIVATE_EXTERN = NO;
				INSTALL_PATH = "";
				OTHER_LDFLAGS = " ";
				OTHER_REZFLAGS = "";
				PRODUCT_NAME = ALL_BUILD;
				SECTORDER_FLAGS = "";
				SYMROOT = "/Users/dongdong/desktop/test_cmake/build-xcode";
				USE_HEADERMAP = NO;
				WARNING_CFLAGS = ("-Wmost","-Wno-four-char-constants","-Wno-unknown-pragmas","$(inherited)");
			};
			name = Debug;
		};
		29F3446A4A1745478CAC7815 /* Release */ = {
			isa = XCBuildConfiguration;
			buildSettings = {
				COMBINE_HIDPI_IMAGES = YES;
				GCC_GENERATE_DEBUGGING_SYMBOLS = YES;
				GCC_INLINES_ARE_PRIVATE_EXTERN = NO;
				GCC_OPTIMIZATION_LEVEL = 0;
				GCC_PREPROCESSOR_DEFINITIONS = ("'CMAKE_INTDIR=\"$(CONFIGURATION)$(EFFECTIVE_PLATFORM_NAME)\"'");
				GCC_SYMBOLS_PRIVATE_EXTERN = NO;
				INSTALL_PATH = "";
				OTHER_LDFLAGS = " ";
				OTHER_REZFLAGS = "";
				PRODUCT_NAME = ALL_BUILD;
				SECTORDER_FLAGS = "";
				SYMROOT = "/Users/dongdong/desktop/test_cmake/build-xcode";
				USE_HEADERMAP = NO;
				WARNING_CFLAGS = ("-Wmost","-Wno-four-char-constants","-Wno-unknown-pragmas","$(inherited)");
			};
			name = Release;
		};
		33BD5BC41F6C4FA7BE53A9D1 /* MinSizeRel */ = {
			isa = XCBuildConfiguration;
			buildSettings = {
				ONLY_ACTIVE_ARCH = YES;
				SDKROOT = /Applications/Xcode.app/Contents/Developer/Platforms/MacOSX.platform/Developer/SDKs/MacOSX10.14.sdk;
				SYMROOT = "/Users/dongdong/desktop/test_cmake/build-xcode/build";
			};
			name = MinSizeRel;
		};
		38F6BD4BB11345B092B6506B /* MinSizeRel */ = {
			isa = XCBuildConfiguration;
			buildSettings = {
				COMBINE_HIDPI_IMAGES = YES;
				EXECUTABLE_PREFIX = lib;
				EXECUTABLE_SUFFIX = .a;
				GCC_GENERATE_DEBUGGING_SYMBOLS = NO;
				GCC_INLINES_ARE_PRIVATE_EXTERN = NO;
				GCC_OPTIMIZATION_LEVEL = s;
				GCC_PREPROCESSOR_DEFINITIONS = ("'CMAKE_INTDIR=\"$(CONFIGURATION)$(EFFECTIVE_PLATFORM_NAME)\"'");
				GCC_SYMBOLS_PRIVATE_EXTERN = NO;
				HEADER_SEARCH_PATHS = (/Users/dongdong/desktop/test_cmake/geometry/include);
				INSTALL_PATH = "";
				LIBRARY_STYLE = STATIC;
				OTHER_CPLUSPLUSFLAGS = "    -DNDEBUG  ";
				OTHER_LIBTOOLFLAGS = " ";
				OTHER_REZFLAGS = "";
				PRODUCT_NAME = geometry;
				SECTORDER_FLAGS = "";
				SYMROOT = "/Users/dongdong/desktop/test_cmake/build-xcode/geometry/src";
				USE_HEADERMAP = NO;
				WARNING_CFLAGS = ("-Wmost","-Wno-four-char-constants","-Wno-unknown-pragmas","$(inherited)");
			};
			name = MinSizeRel;
		};
		4CC06874A2FD4736B48D046D /* Release */ = {
			isa = XCBuildConfiguration;
			buildSettings = {
				COMBINE_HIDPI_IMAGES = YES;
				GCC_GENERATE_DEBUGGING_SYMBOLS = YES;
				GCC_INLINES_ARE_PRIVATE_EXTERN = NO;
				GCC_OPTIMIZATION_LEVEL = 0;
				GCC_PREPROCESSOR_DEFINITIONS = ("'CMAKE_INTDIR=\"$(CONFIGURATION)$(EFFECTIVE_PLATFORM_NAME)\"'");
				GCC_SYMBOLS_PRIVATE_EXTERN = NO;
				INSTALL_PATH = "";
				OTHER_LDFLAGS = " ";
				OTHER_REZFLAGS = "";
				PRODUCT_NAME = ZERO_CHECK;
				SECTORDER_FLAGS = "";
				SYMROOT = "/Users/dongdong/desktop/test_cmake/build-xcode";
				USE_HEADERMAP = NO;
				WARNING_CFLAGS = ("-Wmost","-Wno-four-char-constants","-Wno-unknown-pragmas","$(inherited)");
			};
			name = Release;
		};
		5995A76955FC4772B9C7F139 /* Debug */ = {
			isa = XCBuildConfiguration;
			buildSettings = {
				COMBINE_HIDPI_IMAGES = YES;
				EXECUTABLE_PREFIX = lib;
				EXECUTABLE_SUFFIX = .a;
				GCC_GENERATE_DEBUGGING_SYMBOLS = YES;
				GCC_INLINES_ARE_PRIVATE_EXTERN = NO;
				GCC_OPTIMIZATION_LEVEL = 0;
				GCC_PREPROCESSOR_DEFINITIONS = ("'CMAKE_INTDIR=\"$(CONFIGURATION)$(EFFECTIVE_PLATFORM_NAME)\"'");
				GCC_SYMBOLS_PRIVATE_EXTERN = NO;
				HEADER_SEARCH_PATHS = (/Users/dongdong/desktop/test_cmake/geometry/include);
				INSTALL_PATH = "";
				LIBRARY_STYLE = STATIC;
				OTHER_CPLUSPLUSFLAGS = "    ";
				OTHER_LIBTOOLFLAGS = " ";
				OTHER_REZFLAGS = "";
				PRODUCT_NAME = geometry;
				SECTORDER_FLAGS = "";
				SYMROOT = "/Users/dongdong/desktop/test_cmake/build-xcode/geometry/src";
				USE_HEADERMAP = NO;
				WARNING_CFLAGS = ("-Wmost","-Wno-four-char-constants","-Wno-unknown-pragmas","$(inherited)");
			};
			name = Debug;
		};
		5D2335F93CA243638FE417FE /* RelWithDebInfo */ = {
			isa = XCBuildConfiguration;
			buildSettings = {
				COMBINE_HIDPI_IMAGES = YES;
				GCC_GENERATE_DEBUGGING_SYMBOLS = YES;
				GCC_INLINES_ARE_PRIVATE_EXTERN = NO;
				GCC_OPTIMIZATION_LEVEL = 0;
				GCC_PREPROCESSOR_DEFINITIONS = ("'CMAKE_INTDIR=\"$(CONFIGURATION)$(EFFECTIVE_PLATFORM_NAME)\"'");
				GCC_SYMBOLS_PRIVATE_EXTERN = NO;
				INSTALL_PATH = "";
				OTHER_LDFLAGS = " ";
				OTHER_REZFLAGS = "";
				PRODUCT_NAME = ALL_BUILD;
				SECTORDER_FLAGS = "";
				SYMROOT = "/Users/dongdong/desktop/test_cmake/build-xcode";
				USE_HEADERMAP = NO;
				WARNING_CFLAGS = ("-Wmost","-Wno-four-char-constants","-Wno-unknown-pragmas","$(inherited)");
			};
			name = RelWithDebInfo;
		};
		664B4491001842FD93C773EF /* Release */ = {
			isa = XCBuildConfiguration;
			buildSettings = {
				COMBINE_HIDPI_IMAGES = YES;
				EXECUTABLE_PREFIX = lib;
				EXECUTABLE_SUFFIX = .a;
				GCC_GENERATE_DEBUGGING_SYMBOLS = NO;
				GCC_INLINES_ARE_PRIVATE_EXTERN = NO;
				GCC_OPTIMIZATION_LEVEL = 3;
				GCC_PREPROCESSOR_DEFINITIONS = ("'CMAKE_INTDIR=\"$(CONFIGURATION)$(EFFECTIVE_PLATFORM_NAME)\"'");
				GCC_SYMBOLS_PRIVATE_EXTERN = NO;
				HEADER_SEARCH_PATHS = (/Users/dongdong/desktop/test_cmake/geometry/include);
				INSTALL_PATH = "";
				LIBRARY_STYLE = STATIC;
				OTHER_CPLUSPLUSFLAGS = "    -DNDEBUG  ";
				OTHER_LIBTOOLFLAGS = " ";
				OTHER_REZFLAGS = "";
				PRODUCT_NAME = geometry;
				SECTORDER_FLAGS = "";
				SYMROOT = "/Users/dongdong/desktop/test_cmake/build-xcode/geometry/src";
				USE_HEADERMAP = NO;
				WARNING_CFLAGS = ("-Wmost","-Wno-four-char-constants","-Wno-unknown-pragmas","$(inherited)");
			};
			name = Release;
		};
		723F90FAAD0B4D47AA630255 /* RelWithDebInfo */ = {
			isa = XCBuildConfiguration;
			buildSettings = {
				COMBINE_HIDPI_IMAGES = YES;
				EXECUTABLE_PREFIX = lib;
				EXECUTABLE_SUFFIX = .a;
				GCC_GENERATE_DEBUGGING_SYMBOLS = YES;
				GCC_INLINES_ARE_PRIVATE_EXTERN = NO;
				GCC_OPTIMIZATION_LEVEL = 2;
				GCC_PREPROCESSOR_DEFINITIONS = ("'CMAKE_INTDIR=\"$(CONFIGURATION)$(EFFECTIVE_PLATFORM_NAME)\"'");
				GCC_SYMBOLS_PRIVATE_EXTERN = NO;
				HEADER_SEARCH_PATHS = (/Users/dongdong/desktop/test_cmake/geometry/include);
				INSTALL_PATH = "";
				LIBRARY_STYLE = STATIC;
				OTHER_CPLUSPLUSFLAGS = "       -DNDEBUG  ";
				OTHER_LIBTOOLFLAGS = " ";
				OTHER_REZFLAGS = "";
				PRODUCT_NAME = geometry;
				SECTORDER_FLAGS = "";
				SYMROOT = "/Users/dongdong/desktop/test_cmake/build-xcode/geometry/src";
				USE_HEADERMAP = NO;
				WARNING_CFLAGS = ("-Wmost","-Wno-four-char-constants","-Wno-unknown-pragmas","$(inherited)");
			};
			name = RelWithDebInfo;
		};
		7F42A46E2E9342F6BB259CA8 /* Debug */ = {
			isa = XCBuildConfiguration;
			buildSettings = {
				ONLY_ACTIVE_ARCH = YES;
				SDKROOT = /Applications/Xcode.app/Contents/Developer/Platforms/MacOSX.platform/Developer/SDKs/MacOSX10.14.sdk;
				SYMROOT = "/Users/dongdong/desktop/test_cmake/build-xcode/build";
			};
			name = Debug;
		};
		81DF5662501E4B21ADD53915 /* RelWithDebInfo */ = {
			isa = XCBuildConfiguration;
			buildSettings = {
				COMBINE_HIDPI_IMAGES = YES;
				GCC_GENERATE_DEBUGGING_SYMBOLS = YES;
				GCC_INLINES_ARE_PRIVATE_EXTERN = NO;
				GCC_OPTIMIZATION_LEVEL = 0;
				GCC_PREPROCESSOR_DEFINITIONS = ("'CMAKE_INTDIR=\"$(CONFIGURATION)$(EFFECTIVE_PLATFORM_NAME)\"'");
				GCC_SYMBOLS_PRIVATE_EXTERN = NO;
				INSTALL_PATH = "";
				OTHER_LDFLAGS = " ";
				OTHER_REZFLAGS = "";
				PRODUCT_NAME = ZERO_CHECK;
				SECTORDER_FLAGS = "";
				SYMROOT = "/Users/dongdong/desktop/test_cmake/build-xcode";
				USE_HEADERMAP = NO;
				WARNING_CFLAGS = ("-Wmost","-Wno-four-char-constants","-Wno-unknown-pragmas","$(inherited)");
			};
			name = RelWithDebInfo;
		};
		AF0C6847AE3446BD9719484D /* Release */ = {
			isa = XCBuildConfiguration;
			buildSettings = {
				COMBINE_HIDPI_IMAGES = YES;
				EXECUTABLE_PREFIX = "";
				EXECUTABLE_SUFFIX = "";
				GCC_GENERATE_DEBUGGING_SYMBOLS = NO;
				GCC_INLINES_ARE_PRIVATE_EXTERN = NO;
				GCC_OPTIMIZATION_LEVEL = 3;
				GCC_PREPROCESSOR_DEFINITIONS = ("'CMAKE_INTDIR=\"$(CONFIGURATION)$(EFFECTIVE_PLATFORM_NAME)\"'");
				GCC_SYMBOLS_PRIVATE_EXTERN = NO;
				HEADER_SEARCH_PATHS = (/Users/dongdong/desktop/test_cmake/geometry/include);
				INSTALL_PATH = "";
				LD_RUNPATH_SEARCH_PATHS = /Users/dongdong/desktop/test_cmake/geometry/src;
				LIBRARY_SEARCH_PATHS = " /Users/dongdong/desktop/test_cmake/geometry/src/$(CONFIGURATION)$(EFFECTIVE_PLATFORM_NAME) /Users/dongdong/desktop/test_cmake/geometry/src";
				OTHER_CPLUSPLUSFLAGS = "    -DNDEBUG  ";
				OTHER_LDFLAGS = " -Wl,-search_paths_first -Wl,-headerpad_max_install_names  /Users/dongdong/desktop/test_cmake/build-xcode/geometry/src/Release/libgeometry.a";
				OTHER_REZFLAGS = "";
				PRODUCT_NAME = tester;
				SECTORDER_FLAGS = "";
				SYMROOT = "/Users/dongdong/desktop/test_cmake/build-xcode/src";
				USE_HEADERMAP = NO;
				WARNING_CFLAGS = ("-Wmost","-Wno-four-char-constants","-Wno-unknown-pragmas","$(inherited)");
			};
			name = Release;
		};
		BFFD63C9F0084D8A82EDE447 /* MinSizeRel */ = {
			isa = XCBuildConfiguration;
			buildSettings = {
				COMBINE_HIDPI_IMAGES = YES;
				EXECUTABLE_PREFIX = "";
				EXECUTABLE_SUFFIX = "";
				GCC_GENERATE_DEBUGGING_SYMBOLS = NO;
				GCC_INLINES_ARE_PRIVATE_EXTERN = NO;
				GCC_OPTIMIZATION_LEVEL = s;
				GCC_PREPROCESSOR_DEFINITIONS = ("'CMAKE_INTDIR=\"$(CONFIGURATION)$(EFFECTIVE_PLATFORM_NAME)\"'");
				GCC_SYMBOLS_PRIVATE_EXTERN = NO;
				HEADER_SEARCH_PATHS = (/Users/dongdong/desktop/test_cmake/geometry/include);
				INSTALL_PATH = "";
				LD_RUNPATH_SEARCH_PATHS = /Users/dongdong/desktop/test_cmake/geometry/src;
				LIBRARY_SEARCH_PATHS = " /Users/dongdong/desktop/test_cmake/geometry/src/$(CONFIGURATION)$(EFFECTIVE_PLATFORM_NAME) /Users/dongdong/desktop/test_cmake/geometry/src";
				OTHER_CPLUSPLUSFLAGS = "    -DNDEBUG  ";
				OTHER_LDFLAGS = " -Wl,-search_paths_first -Wl,-headerpad_max_install_names  /Users/dongdong/desktop/test_cmake/build-xcode/geometry/src/MinSizeRel/libgeometry.a";
				OTHER_REZFLAGS = "";
				PRODUCT_NAME = tester;
				SECTORDER_FLAGS = "";
				SYMROOT = "/Users/dongdong/desktop/test_cmake/build-xcode/src";
				USE_HEADERMAP = NO;
				WARNING_CFLAGS = ("-Wmost","-Wno-four-char-constants","-Wno-unknown-pragmas","$(inherited)");
			};
			name = MinSizeRel;
		};
		C884DD2192174790B7A7F06D /* Release */ = {
			isa = XCBuildConfiguration;
			buildSettings = {
				ONLY_ACTIVE_ARCH = YES;
				SDKROOT = /Applications/Xcode.app/Contents/Developer/Platforms/MacOSX.platform/Developer/SDKs/MacOSX10.14.sdk;
				SYMROOT = "/Users/dongdong/desktop/test_cmake/build-xcode/build";
			};
			name = Release;
		};
		CF86F8035CA146A0B4CF50CC /* RelWithDebInfo */ = {
			isa = XCBuildConfiguration;
			buildSettings = {
				COMBINE_HIDPI_IMAGES = YES;
				EXECUTABLE_PREFIX = "";
				EXECUTABLE_SUFFIX = "";
				GCC_GENERATE_DEBUGGING_SYMBOLS = YES;
				GCC_INLINES_ARE_PRIVATE_EXTERN = NO;
				GCC_OPTIMIZATION_LEVEL = 2;
				GCC_PREPROCESSOR_DEFINITIONS = ("'CMAKE_INTDIR=\"$(CONFIGURATION)$(EFFECTIVE_PLATFORM_NAME)\"'");
				GCC_SYMBOLS_PRIVATE_EXTERN = NO;
				HEADER_SEARCH_PATHS = (/Users/dongdong/desktop/test_cmake/geometry/include);
				INSTALL_PATH = "";
				LD_RUNPATH_SEARCH_PATHS = /Users/dongdong/desktop/test_cmake/geometry/src;
				LIBRARY_SEARCH_PATHS = " /Users/dongdong/desktop/test_cmake/geometry/src/$(CONFIGURATION)$(EFFECTIVE_PLATFORM_NAME) /Users/dongdong/desktop/test_cmake/geometry/src";
				OTHER_CPLUSPLUSFLAGS = "       -DNDEBUG  ";
				OTHER_LDFLAGS = " -Wl,-search_paths_first -Wl,-headerpad_max_install_names  /Users/dongdong/desktop/test_cmake/build-xcode/geometry/src/RelWithDebInfo/libgeometry.a";
				OTHER_REZFLAGS = "";
				PRODUCT_NAME = tester;
				SECTORDER_FLAGS = "";
				SYMROOT = "/Users/dongdong/desktop/test_cmake/build-xcode/src";
				USE_HEADERMAP = NO;
				WARNING_CFLAGS = ("-Wmost","-Wno-four-char-constants","-Wno-unknown-pragmas","$(inherited)");
			};
			name = RelWithDebInfo;
		};
		D9A40FCDA91348EA8474A2B2 /* MinSizeRel */ = {
			isa = XCBuildConfiguration;
			buildSettings = {
				COMBINE_HIDPI_IMAGES = YES;
				GCC_GENERATE_DEBUGGING_SYMBOLS = YES;
				GCC_INLINES_ARE_PRIVATE_EXTERN = NO;
				GCC_OPTIMIZATION_LEVEL = 0;
				GCC_PREPROCESSOR_DEFINITIONS = ("'CMAKE_INTDIR=\"$(CONFIGURATION)$(EFFECTIVE_PLATFORM_NAME)\"'");
				GCC_SYMBOLS_PRIVATE_EXTERN = NO;
				INSTALL_PATH = "";
				OTHER_LDFLAGS = " ";
				OTHER_REZFLAGS = "";
				PRODUCT_NAME = ZERO_CHECK;
				SECTORDER_FLAGS = "";
				SYMROOT = "/Users/dongdong/desktop/test_cmake/build-xcode";
				USE_HEADERMAP = NO;
				WARNING_CFLAGS = ("-Wmost","-Wno-four-char-constants","-Wno-unknown-pragmas","$(inherited)");
			};
			name = MinSizeRel;
		};
		DC183238E7E44132BDCC460E /* RelWithDebInfo */ = {
			isa = XCBuildConfiguration;
			buildSettings = {
				ONLY_ACTIVE_ARCH = YES;
				SDKROOT = /Applications/Xcode.app/Contents/Developer/Platforms/MacOSX.platform/Developer/SDKs/MacOSX10.14.sdk;
				SYMROOT = "/Users/dongdong/desktop/test_cmake/build-xcode/build";
			};
			name = RelWithDebInfo;
		};
		EA014A2207FF49DD86E137C8 /* Debug */ = {
			isa = XCBuildConfiguration;
			buildSettings = {
				COMBINE_HIDPI_IMAGES = YES;
				EXECUTABLE_PREFIX = "";
				EXECUTABLE_SUFFIX = "";
				GCC_GENERATE_DEBUGGING_SYMBOLS = YES;
				GCC_INLINES_ARE_PRIVATE_EXTERN = NO;
				GCC_OPTIMIZATION_LEVEL = 0;
				GCC_PREPROCESSOR_DEFINITIONS = ("'CMAKE_INTDIR=\"$(CONFIGURATION)$(EFFECTIVE_PLATFORM_NAME)\"'");
				GCC_SYMBOLS_PRIVATE_EXTERN = NO;
				HEADER_SEARCH_PATHS = (/Users/dongdong/desktop/test_cmake/geometry/include);
				INSTALL_PATH = "";
				LD_RUNPATH_SEARCH_PATHS = /Users/dongdong/desktop/test_cmake/geometry/src;
				LIBRARY_SEARCH_PATHS = " /Users/dongdong/desktop/test_cmake/geometry/src/$(CONFIGURATION)$(EFFECTIVE_PLATFORM_NAME) /Users/dongdong/desktop/test_cmake/geometry/src";
				OTHER_CPLUSPLUSFLAGS = "    ";
				OTHER_LDFLAGS = " -Wl,-search_paths_first -Wl,-headerpad_max_install_names  /Users/dongdong/desktop/test_cmake/build-xcode/geometry/src/Debug/libgeometry.a";
				OTHER_REZFLAGS = "";
				PRODUCT_NAME = tester;
				SECTORDER_FLAGS = "";
				SYMROOT = "/Users/dongdong/desktop/test_cmake/build-xcode/src";
				USE_HEADERMAP = NO;
				WARNING_CFLAGS = ("-Wmost","-Wno-four-char-constants","-Wno-unknown-pragmas","$(inherited)");
			};
			name = Debug;
		};
		F1E92A2224B347A9A08CC895 /* MinSizeRel */ = {
			isa = XCBuildConfiguration;
			buildSettings = {
				COMBINE_HIDPI_IMAGES = YES;
				GCC_GENERATE_DEBUGGING_SYMBOLS = YES;
				GCC_INLINES_ARE_PRIVATE_EXTERN = NO;
				GCC_OPTIMIZATION_LEVEL = 0;
				GCC_PREPROCESSOR_DEFINITIONS = ("'CMAKE_INTDIR=\"$(CONFIGURATION)$(EFFECTIVE_PLATFORM_NAME)\"'");
				GCC_SYMBOLS_PRIVATE_EXTERN = NO;
				INSTALL_PATH = "";
				OTHER_LDFLAGS = " ";
				OTHER_REZFLAGS = "";
				PRODUCT_NAME = ALL_BUILD;
				SECTORDER_FLAGS = "";
				SYMROOT = "/Users/dongdong/desktop/test_cmake/build-xcode";
				USE_HEADERMAP = NO;
				WARNING_CFLAGS = ("-Wmost","-Wno-four-char-constants","-Wno-unknown-pragmas","$(inherited)");
			};
			name = MinSizeRel;
		};
		FD4A311C94E44E8FA9A3CDCF /* Debug */ = {
			isa = XCBuildConfiguration;
			buildSettings = {
				COMBINE_HIDPI_IMAGES = YES;
				GCC_GENERATE_DEBUGGING_SYMBOLS = YES;
				GCC_INLINES_ARE_PRIVATE_EXTERN = NO;
				GCC_OPTIMIZATION_LEVEL = 0;
				GCC_PREPROCESSOR_DEFINITIONS = ("'CMAKE_INTDIR=\"$(CONFIGURATION)$(EFFECTIVE_PLATFORM_NAME)\"'");
				GCC_SYMBOLS_PRIVATE_EXTERN = NO;
				INSTALL_PATH = "";
				OTHER_LDFLAGS = " ";
				OTHER_REZFLAGS = "";
				PRODUCT_NAME = ZERO_CHECK;
				SECTORDER_FLAGS = "";
				SYMROOT = "/Users/dongdong/desktop/test_cmake/build-xcode";
				USE_HEADERMAP = NO;
				WARNING_CFLAGS = ("-Wmost","-Wno-four-char-constants","-Wno-unknown-pragmas","$(inherited)");
			};
			name = Debug;
		};
/* End XCBuildConfiguration section */

/* Begin XCConfigurationList section */
		0BD23CCB85F949B78E54FDF6 /* Build configuration list for PBXNativeTarget "tester" */ = {
			isa = XCConfigurationList;
			buildConfigurations = (
				EA014A2207FF49DD86E137C8 /* Debug */,
				AF0C6847AE3446BD9719484D /* Release */,
				BFFD63C9F0084D8A82EDE447 /* MinSizeRel */,
				CF86F8035CA146A0B4CF50CC /* RelWithDebInfo */,
			);
			defaultConfigurationIsVisible = 0;
			defaultConfigurationName = Debug;
		};
		478217FB3D924C69BD8D7546 /* Build configuration list for PBXProject "humanoidTester" */ = {
			isa = XCConfigurationList;
			buildConfigurations = (
				7F42A46E2E9342F6BB259CA8 /* Debug */,
				C884DD2192174790B7A7F06D /* Release */,
				33BD5BC41F6C4FA7BE53A9D1 /* MinSizeRel */,
				DC183238E7E44132BDCC460E /* RelWithDebInfo */,
			);
			defaultConfigurationIsVisible = 0;
			defaultConfigurationName = Debug;
		};
		A3BA94B558D04E65BD637491 /* Build configuration list for PBXNativeTarget "geometry" */ = {
			isa = XCConfigurationList;
			buildConfigurations = (
				5995A76955FC4772B9C7F139 /* Debug */,
				664B4491001842FD93C773EF /* Release */,
				38F6BD4BB11345B092B6506B /* MinSizeRel */,
				723F90FAAD0B4D47AA630255 /* RelWithDebInfo */,
			);
			defaultConfigurationIsVisible = 0;
			defaultConfigurationName = Debug;
		};
		AC02A0E6ED244E95B9AECA06 /* Build configuration list for PBXAggregateTarget "ZERO_CHECK" */ = {
			isa = XCConfigurationList;
			buildConfigurations = (
				FD4A311C94E44E8FA9A3CDCF /* Debug */,
				4CC06874A2FD4736B48D046D /* Release */,
				D9A40FCDA91348EA8474A2B2 /* MinSizeRel */,
				81DF5662501E4B21ADD53915 /* RelWithDebInfo */,
			);
			defaultConfigurationIsVisible = 0;
			defaultConfigurationName = Debug;
		};
		BB2486B0BB8043C285159D20 /* Build configuration list for PBXAggregateTarget "ALL_BUILD" */ = {
			isa = XCConfigurationList;
			buildConfigurations = (
				058BE6AC82A247E180950277 /* Debug */,
				29F3446A4A1745478CAC7815 /* Release */,
				F1E92A2224B347A9A08CC895 /* MinSizeRel */,
				5D2335F93CA243638FE417FE /* RelWithDebInfo */,
			);
			defaultConfigurationIsVisible = 0;
			defaultConfigurationName = Debug;
		};
/* End XCConfigurationList section */
	};
	rootObject = B5650E97E4474383BE04A715 /* Project object */;
}
